
Microsoft Visual Studio Solution File, Format Version 12.00
# Visual Studio Version 17
VisualStudioVersion = 17.5.33530.505
MinimumVisualStudioVersion = 10.0.40219.1
Project("{FAE04EC0-301F-11D3-BF4B-00C04F79EFBC}") = "FluentValidationApp.Web", "FluentValidationApp.Web\FluentValidationApp.Web.csproj", "{554A87AA-ECEA-4DD8-B63A-78A9113CE708}"
EndProject
Global
	GlobalSection(SolutionConfigurationPlatforms) = preSolution
		Debug|Any CPU = Debug|Any CPU
		Release|Any CPU = Release|Any CPU
	EndGlobalSection
	GlobalSection(ProjectConfigurationPlatforms) = postSolution
		{554A87AA-ECEA-4DD8-B63A-78A9113CE708}.Debug|Any CPU.ActiveCfg = Debug|Any CPU
		{554A87AA-ECEA-4DD8-B63A-78A9113CE708}.Debug|Any CPU.Build.0 = Debug|Any CPU
		{554A87AA-ECEA-4DD8-B63A-78A9113CE708}.Release|Any CPU.ActiveCfg = Release|Any CPU
		{554A87AA-ECEA-4DD8-B63A-78A9113CE708}.Release|Any CPU.Build.0 = Release|Any CPU
	EndGlobalSection
	GlobalSection(SolutionProperties) = preSolution
		HideSolutionNode = FALSE
	EndGlobalSection
	GlobalSection(ExtensibilityGlobals) = postSolution
		SolutionGuid = {7B96137D-11F9-4D39-913B-45DE09AE4AD4}
	EndGlobalSection
EndGlobal
